
Microsoft Visual Studio Solution File, Format Version 12.00
# Visual Studio Version 17
VisualStudioVersion = 17.5.33516.290
MinimumVisualStudioVersion = 10.0.40219.1
Project("{FAE04EC0-301F-11D3-BF4B-00C04F79EFBC}") = "Algoritmos.ConsoleApp", "Algoritmos.ConsoleApp\Algoritmos.ConsoleApp.csproj", "{18C9248A-0839-49CC-8684-7C492D6B3FC0}"
EndProject
Project("{FAE04EC0-301F-11D3-BF4B-00C04F79EFBC}") = "Algoritmos.Domain", "Algoritmos.Domain\Algoritmos.Domain.csproj", "{659B5565-495F-4272-9417-8F35AA58B997}"
EndProject
Global
	GlobalSection(SolutionConfigurationPlatforms) = preSolution
		Debug|Any CPU = Debug|Any CPU
		Release|Any CPU = Release|Any CPU
	EndGlobalSection
	GlobalSection(ProjectConfigurationPlatforms) = postSolution
		{18C9248A-0839-49CC-8684-7C492D6B3FC0}.Debug|Any CPU.ActiveCfg = Debug|Any CPU
		{18C9248A-0839-49CC-8684-7C492D6B3FC0}.Debug|Any CPU.Build.0 = Debug|Any CPU
		{18C9248A-0839-49CC-8684-7C492D6B3FC0}.Release|Any CPU.ActiveCfg = Release|Any CPU
		{18C9248A-0839-49CC-8684-7C492D6B3FC0}.Release|Any CPU.Build.0 = Release|Any CPU
		{659B5565-495F-4272-9417-8F35AA58B997}.Debug|Any CPU.ActiveCfg = Debug|Any CPU
		{659B5565-495F-4272-9417-8F35AA58B997}.Debug|Any CPU.Build.0 = Debug|Any CPU
		{659B5565-495F-4272-9417-8F35AA58B997}.Release|Any CPU.ActiveCfg = Release|Any CPU
		{659B5565-495F-4272-9417-8F35AA58B997}.Release|Any CPU.Build.0 = Release|Any CPU
	EndGlobalSection
	GlobalSection(SolutionProperties) = preSolution
		HideSolutionNode = FALSE
	EndGlobalSection
	GlobalSection(ExtensibilityGlobals) = postSolution
		SolutionGuid = {ED9F1A31-58B8-42A9-A033-7BF34CA2A8A6}
	EndGlobalSection
EndGlobal
